
Microsoft Visual Studio Solution File, Format Version 12.00
# Visual Studio Version 16
VisualStudioVersion = 16.0.34114.132
MinimumVisualStudioVersion = 10.0.40219.1
Project("{FAE04EC0-301F-11D3-BF4B-00C04F79EFBC}") = "BlazorMatchGame", "BlazorMatchGame\BlazorMatchGame.csproj", "{6B99166E-8933-4677-B0B2-515758B02DEF}"
EndProject
Global
	GlobalSection(SolutionConfigurationPlatforms) = preSolution
		Debug|Any CPU = Debug|Any CPU
		Release|Any CPU = Release|Any CPU
	EndGlobalSection
	GlobalSection(ProjectConfigurationPlatforms) = postSolution
		{6B99166E-8933-4677-B0B2-515758B02DEF}.Debug|Any CPU.ActiveCfg = Debug|Any CPU
		{6B99166E-8933-4677-B0B2-515758B02DEF}.Debug|Any CPU.Build.0 = Debug|Any CPU
		{6B99166E-8933-4677-B0B2-515758B02DEF}.Release|Any CPU.ActiveCfg = Release|Any CPU
		{6B99166E-8933-4677-B0B2-515758B02DEF}.Release|Any CPU.Build.0 = Release|Any CPU
	EndGlobalSection
	GlobalSection(SolutionProperties) = preSolution
		HideSolutionNode = FALSE
	EndGlobalSection
	GlobalSection(ExtensibilityGlobals) = postSolution
		SolutionGuid = {3BCAA5E0-C76F-4553-B411-7FDA6A297739}
	EndGlobalSection
EndGlobal
